{
  "name": "rd-parse",
  "version": "3.4.0",
  "lockfileVersion": 2,
  "requires": true,
  "packages": {
    "": {
      "name": "rd-parse",
      "version": "3.4.0",
      "license": "MIT",
      "devDependencies": {
        "usnap": "^0.1.0",
        "utap": "^0.1.2"
      }
    },
    "node_modules/chalk": {
      "version": "5.1.2",
      "resolved": "https://registry.npmjs.org/chalk/-/chalk-5.1.2.tgz",
      "integrity": "sha512-E5CkT4jWURs1Vy5qGJye+XwCkNj7Od3Af7CP6SujMetSMkLs8Do2RWJK5yx1wamHV/op8Rz+9rltjaTQWDnEFQ==",
      "dev": true,
      "engines": {
        "node": "^12.17.0 || ^14.13 || >=16.0.0"
      },
      "funding": {
        "url": "https://github.com/chalk/chalk?sponsor=1"
      }
    },
    "node_modules/usnap": {
      "version": "0.1.0",
      "resolved": "https://registry.npmjs.org/usnap/-/usnap-0.1.0.tgz",
      "integrity": "sha512-gYPywvH1cpRihDJMjZhxtkvX3ABSJ3RTtpYIXNcGILKa6GPMZUtpEkHCp0VQZG8N31g1KiFc2eLkRT/Uu1kS+A==",
      "dev": true,
      "dependencies": {
        "yaml": "^2.1.3"
      }
    },
    "node_modules/utap": {
      "version": "0.1.2",
      "resolved": "https://registry.npmjs.org/utap/-/utap-0.1.2.tgz",
      "integrity": "sha512-ZkbgRBhlJzfYOQGzD4+Rd1eWQsZdyJljdNZDgHfy4Fv7y1C0bQalG3aaNTgmXsQf/vxT0LXfnu1TEUwA7HCThw==",
      "dev": true,
      "dependencies": {
        "chalk": "^5.1.2"
      },
      "bin": {
        "utap": "src/utap.js"
      }
    },
    "node_modules/yaml": {
      "version": "2.1.3",
      "resolved": "https://registry.npmjs.org/yaml/-/yaml-2.1.3.tgz",
      "integrity": "sha512-AacA8nRULjKMX2DvWvOAdBZMOfQlypSFkjcOcu9FalllIDJ1kvlREzcdIZmidQUqqeMv7jorHjq2HlLv/+c2lg==",
      "dev": true,
      "engines": {
        "node": ">= 14"
      }
    }
  },
  "dependencies": {
    "chalk": {
      "version": "5.1.2",
      "resolved": "https://registry.npmjs.org/chalk/-/chalk-5.1.2.tgz",
      "integrity": "sha512-E5CkT4jWURs1Vy5qGJye+XwCkNj7Od3Af7CP6SujMetSMkLs8Do2RWJK5yx1wamHV/op8Rz+9rltjaTQWDnEFQ==",
      "dev": true
    },
    "usnap": {
      "version": "0.1.0",
      "resolved": "https://registry.npmjs.org/usnap/-/usnap-0.1.0.tgz",
      "integrity": "sha512-gYPywvH1cpRihDJMjZhxtkvX3ABSJ3RTtpYIXNcGILKa6GPMZUtpEkHCp0VQZG8N31g1KiFc2eLkRT/Uu1kS+A==",
      "dev": true,
      "requires": {
        "yaml": "^2.1.3"
      }
    },
    "utap": {
      "version": "0.1.2",
      "resolved": "https://registry.npmjs.org/utap/-/utap-0.1.2.tgz",
      "integrity": "sha512-ZkbgRBhlJzfYOQGzD4+Rd1eWQsZdyJljdNZDgHfy4Fv7y1C0bQalG3aaNTgmXsQf/vxT0LXfnu1TEUwA7HCThw==",
      "dev": true,
      "requires": {
        "chalk": "^5.1.2"
      }
    },
    "yaml": {
      "version": "2.1.3",
      "resolved": "https://registry.npmjs.org/yaml/-/yaml-2.1.3.tgz",
      "integrity": "sha512-AacA8nRULjKMX2DvWvOAdBZMOfQlypSFkjcOcu9FalllIDJ1kvlREzcdIZmidQUqqeMv7jorHjq2HlLv/+c2lg==",
      "dev": true
    }
  }
}
